# This file is @generated by PDM.
# It is not intended for manual editing.

[[package]]
name = "example-app-a"
version = "0.1.0"
requires_python = ">=3.9"
path = "D:/Development/Projects/python-monorepo-example/packages/b/../a"
summary = "Example package with no dependencies"

[[package]]
name = "example-app-b"
version = "0.1.0"
requires_python = ">=3.9"
path = "../b"
summary = "Package depending on example-app-a"
dependencies = [
    "example-app-a @ file:///D:/Development/Projects/python-monorepo-example/packages/b/../a",
]

[metadata]
lock_version = "4.2"
groups = ["default"]
content_hash = "sha256:d2686fee0e26ee6f7b8b2520e6fa4fe6a710958ef77a4e37f317cbf44c47ae4c"

[metadata.files]
