# This file is @generated by PDM.
# It is not intended for manual editing.

[[package]]
name = "example-app-a"
version = "0.1.0"
requires_python = ">=3.9"
editable = true
path = "./packages/a"
summary = "Example package with no dependencies"

[[package]]
name = "example-app-b"
version = "0.1.0"
requires_python = ">=3.9"
editable = true
path = "./packages/b"
summary = "Package depending on example-app-a"
dependencies = [
    "example-app-a @ file:///D:/Development/Projects/python-monorepo-example/packages/b/../a",
]

[[package]]
name = "example-app-c"
version = "0.1.0"
requires_python = ">=3.9"
editable = true
path = "./packages/c"
summary = "Depends on package example-app-b"
dependencies = [
    "example-app-b @ file:///D:/Development/Projects/python-monorepo-example/packages/c/../b",
]

[[package]]
name = "example-app-d"
version = "0.1.0"
requires_python = ">=3.9"
editable = true
path = "./packages/d"
summary = "Package depending on example-app-c"
dependencies = [
    "example-app-c @ file:///D:/Development/Projects/python-monorepo-example/packages/d/../c",
]

[[package]]
name = "example-app-e"
version = "0.1.0"
requires_python = ">=3.9"
editable = true
path = "./packages/e"
summary = "Package depending on app-example-a"
dependencies = [
    "example-app-a @ file:///D:/Development/Projects/python-monorepo-example/packages/e/../a",
]

[metadata]
lock_version = "4.2"
groups = ["dev"]
content_hash = "sha256:5a9147300995396fbcbaace41883ca5754299f81e50820f58cf1013528ae48d9"

[metadata.files]
