# This file is @generated by PDM.
# It is not intended for manual editing.

[[package]]
name = "example-app-a"
version = "0.1.0"
requires_python = ">=3.9"
path = "D:/Development/Projects/python-monorepo-example/packages/b/../a"
summary = "Example package with no dependencies"

[[package]]
name = "example-app-b"
version = "0.1.0"
requires_python = ">=3.9"
path = "D:/Development/Projects/python-monorepo-example/packages/c/../b"
summary = "Package depending on example-app-a"
dependencies = [
    "example-app-a @ file:///D:/Development/Projects/python-monorepo-example/packages/b/../a",
]

[[package]]
name = "example-app-c"
version = "0.1.0"
requires_python = ">=3.9"
path = "../c"
summary = "Depends on package example-app-b"
dependencies = [
    "example-app-b @ file:///D:/Development/Projects/python-monorepo-example/packages/c/../b",
]

[metadata]
lock_version = "4.2"
groups = ["default"]
content_hash = "sha256:da1e4a60ca676dc0cbc8528f18a35e07d53e12cd00037c7e69ce307ba9145ac9"

[metadata.files]
